
Microsoft Visual Studio Solution File, Format Version 12.00
# Visual Studio Version 16
VisualStudioVersion = 16.0.29025.244
MinimumVisualStudioVersion = 10.0.40219.1
Project("{FAE04EC0-301F-11D3-BF4B-00C04F79EFBC}") = "WatchAuthApp", "WatchAuthApp\WatchAuthApp.csproj", "{8F71FE23-16BA-46CA-B038-83835686DFBF}"
EndProject
Global
	GlobalSection(SolutionConfigurationPlatforms) = preSolution
		Debug|Any CPU = Debug|Any CPU
		Release|Any CPU = Release|Any CPU
	EndGlobalSection
	GlobalSection(ProjectConfigurationPlatforms) = postSolution
		{8F71FE23-16BA-46CA-B038-83835686DFBF}.Debug|Any CPU.ActiveCfg = Debug|Any CPU
		{8F71FE23-16BA-46CA-B038-83835686DFBF}.Debug|Any CPU.Build.0 = Debug|Any CPU
		{8F71FE23-16BA-46CA-B038-83835686DFBF}.Release|Any CPU.ActiveCfg = Release|Any CPU
		{8F71FE23-16BA-46CA-B038-83835686DFBF}.Release|Any CPU.Build.0 = Release|Any CPU
	EndGlobalSection
	GlobalSection(SolutionProperties) = preSolution
		HideSolutionNode = FALSE
	EndGlobalSection
	GlobalSection(ExtensibilityGlobals) = postSolution
		SolutionGuid = {9A5BC9EE-FB54-4CD6-829B-E881E495F5CE}
	EndGlobalSection
EndGlobal
